
Microsoft Visual Studio Solution File, Format Version 12.00
# Visual Studio 15
VisualStudioVersion = 15.0.27703.2047
MinimumVisualStudioVersion = 10.0.40219.1
Project("{FAE04EC0-301F-11D3-BF4B-00C04F79EFBC}") = "firstP", "firstP\firstP.csproj", "{35ED2819-6D77-49B6-9D3B-4D92FD75C066}"
EndProject
Global
	GlobalSection(SolutionConfigurationPlatforms) = preSolution
		Debug|Any CPU = Debug|Any CPU
		Release|Any CPU = Release|Any CPU
	EndGlobalSection
	GlobalSection(ProjectConfigurationPlatforms) = postSolution
		{35ED2819-6D77-49B6-9D3B-4D92FD75C066}.Debug|Any CPU.ActiveCfg = Debug|Any CPU
		{35ED2819-6D77-49B6-9D3B-4D92FD75C066}.Debug|Any CPU.Build.0 = Debug|Any CPU
		{35ED2819-6D77-49B6-9D3B-4D92FD75C066}.Release|Any CPU.ActiveCfg = Release|Any CPU
		{35ED2819-6D77-49B6-9D3B-4D92FD75C066}.Release|Any CPU.Build.0 = Release|Any CPU
	EndGlobalSection
	GlobalSection(SolutionProperties) = preSolution
		HideSolutionNode = FALSE
	EndGlobalSection
	GlobalSection(ExtensibilityGlobals) = postSolution
		SolutionGuid = {DEEFA494-D48F-4F4F-9372-F1C83DE04B6A}
	EndGlobalSection
EndGlobal
